lockfileVersion: '9.0'

settings:
  autoInstallPeers: true
  excludeLinksFromLockfile: false

importers:

  .:
    dependencies:
      dictionary-en:
        specifier: ^4.0.0
        version: 4.0.0
      nspell:
        specifier: ^2.1.5
        version: 2.1.5

packages:

  dictionary-en@4.0.0:
    resolution: {integrity: sha512-3NHnE1uq33ZE/CIwaZ6gqxa4BnglHnxeAcTM0GJ7cmtRGcvX9InMK/IqLtYcUMFCUpUNgybH+DzkqdgAo3F1zg==}

  is-buffer@2.0.5:
    resolution: {integrity: sha512-i2R6zNFDwgEHJyQUtJEk0XFi1i0dPFn/oqjK3/vPCcDeJvW5NQ83V8QbicfF1SupOaB0h8ntgBC2YiE7dfyctQ==}
    engines: {node: '>=4'}

  nspell@2.1.5:
    resolution: {integrity: sha512-PSStyugKMiD9mHmqI/CR5xXrSIGejUXPlo88FBRq5Og1kO5QwQ5Ilu8D8O5I/SHpoS+mibpw6uKA8rd3vXd2Sg==}

snapshots:

  dictionary-en@4.0.0: {}

  is-buffer@2.0.5: {}

  nspell@2.1.5:
    dependencies:
      is-buffer: 2.0.5
